
Microsoft Visual Studio Solution File, Format Version 12.00
# Visual Studio Version 17
VisualStudioVersion = 17.11.35312.102
MinimumVisualStudioVersion = 10.0.40219.1
Project("{FAE04EC0-301F-11D3-BF4B-00C04F79EFBC}") = "prog6212-ice-5-ST10249838", "prog6212-ice-5-ST10249838.csproj", "{F15315C0-7DF8-4ABD-82B0-7D474EAC4BCC}"
EndProject
Global
	GlobalSection(SolutionConfigurationPlatforms) = preSolution
		Debug|Any CPU = Debug|Any CPU
		Release|Any CPU = Release|Any CPU
	EndGlobalSection
	GlobalSection(ProjectConfigurationPlatforms) = postSolution
		{F15315C0-7DF8-4ABD-82B0-7D474EAC4BCC}.Debug|Any CPU.ActiveCfg = Debug|Any CPU
		{F15315C0-7DF8-4ABD-82B0-7D474EAC4BCC}.Debug|Any CPU.Build.0 = Debug|Any CPU
		{F15315C0-7DF8-4ABD-82B0-7D474EAC4BCC}.Release|Any CPU.ActiveCfg = Release|Any CPU
		{F15315C0-7DF8-4ABD-82B0-7D474EAC4BCC}.Release|Any CPU.Build.0 = Release|Any CPU
	EndGlobalSection
	GlobalSection(SolutionProperties) = preSolution
		HideSolutionNode = FALSE
	EndGlobalSection
	GlobalSection(ExtensibilityGlobals) = postSolution
		SolutionGuid = {3ECBF46E-E0C6-45A5-8EA6-B18E0AC0A705}
	EndGlobalSection
EndGlobal
